
Microsoft Visual Studio Solution File, Format Version 12.00
# Visual Studio 15
VisualStudioVersion = 15.0.28010.2046
MinimumVisualStudioVersion = 10.0.40219.1
Project("{8BC9CEB8-8B4A-11D0-8D11-00A0C91BC942}") = "NAI Gesture recognition", "NAI Gesture recognition\NAI Gesture recognition.vcxproj", "{82D2EA6A-D036-47A7-A587-01664CE71AD6}"
EndProject
Global
	GlobalSection(SolutionConfigurationPlatforms) = preSolution
		Debug|x64 = Debug|x64
		Debug|x86 = Debug|x86
		Release|x64 = Release|x64
		Release|x86 = Release|x86
	EndGlobalSection
	GlobalSection(ProjectConfigurationPlatforms) = postSolution
		{82D2EA6A-D036-47A7-A587-01664CE71AD6}.Debug|x64.ActiveCfg = Debug|x64
		{82D2EA6A-D036-47A7-A587-01664CE71AD6}.Debug|x64.Build.0 = Debug|x64
		{82D2EA6A-D036-47A7-A587-01664CE71AD6}.Debug|x86.ActiveCfg = Debug|x64
		{82D2EA6A-D036-47A7-A587-01664CE71AD6}.Debug|x86.Build.0 = Debug|x64
		{82D2EA6A-D036-47A7-A587-01664CE71AD6}.Release|x64.ActiveCfg = Release|x64
		{82D2EA6A-D036-47A7-A587-01664CE71AD6}.Release|x64.Build.0 = Release|x64
		{82D2EA6A-D036-47A7-A587-01664CE71AD6}.Release|x86.ActiveCfg = Release|Win32
		{82D2EA6A-D036-47A7-A587-01664CE71AD6}.Release|x86.Build.0 = Release|Win32
	EndGlobalSection
	GlobalSection(SolutionProperties) = preSolution
		HideSolutionNode = FALSE
	EndGlobalSection
	GlobalSection(ExtensibilityGlobals) = postSolution
		SolutionGuid = {179A3615-A0A7-4073-8E5E-521F16D34515}
	EndGlobalSection
EndGlobal
